
Microsoft Visual Studio Solution File, Format Version 12.00
# Visual Studio Version 17
VisualStudioVersion = 17.8.34408.163
MinimumVisualStudioVersion = 10.0.40219.1
Project("{9A19103F-16F7-4668-BE54-9A1E7A4F7556}") = "webApi", "webApi.csproj", "{98DAE6E6-A3F8-4422-A5D9-72B3AC9BC4A4}"
EndProject
Project("{9A19103F-16F7-4668-BE54-9A1E7A4F7556}") = "DataAccess", "..\DataAccess\DataAccess.csproj", "{0228E72A-5ABA-47E0-846A-660B22DDFCBC}"
EndProject
Project("{9A19103F-16F7-4668-BE54-9A1E7A4F7556}") = "BusinessLogic", "..\BusinessLogic\BusinessLogic.csproj", "{87AF41B6-13DD-4C18-B0F3-0809176AFE2A}"
EndProject
Global
	GlobalSection(SolutionConfigurationPlatforms) = preSolution
		Debug|Any CPU = Debug|Any CPU
		Release|Any CPU = Release|Any CPU
	EndGlobalSection
	GlobalSection(ProjectConfigurationPlatforms) = postSolution
		{98DAE6E6-A3F8-4422-A5D9-72B3AC9BC4A4}.Debug|Any CPU.ActiveCfg = Debug|Any CPU
		{98DAE6E6-A3F8-4422-A5D9-72B3AC9BC4A4}.Debug|Any CPU.Build.0 = Debug|Any CPU
		{98DAE6E6-A3F8-4422-A5D9-72B3AC9BC4A4}.Release|Any CPU.ActiveCfg = Release|Any CPU
		{98DAE6E6-A3F8-4422-A5D9-72B3AC9BC4A4}.Release|Any CPU.Build.0 = Release|Any CPU
		{0228E72A-5ABA-47E0-846A-660B22DDFCBC}.Debug|Any CPU.ActiveCfg = Debug|Any CPU
		{0228E72A-5ABA-47E0-846A-660B22DDFCBC}.Debug|Any CPU.Build.0 = Debug|Any CPU
		{0228E72A-5ABA-47E0-846A-660B22DDFCBC}.Release|Any CPU.ActiveCfg = Release|Any CPU
		{0228E72A-5ABA-47E0-846A-660B22DDFCBC}.Release|Any CPU.Build.0 = Release|Any CPU
		{87AF41B6-13DD-4C18-B0F3-0809176AFE2A}.Debug|Any CPU.ActiveCfg = Debug|Any CPU
		{87AF41B6-13DD-4C18-B0F3-0809176AFE2A}.Debug|Any CPU.Build.0 = Debug|Any CPU
		{87AF41B6-13DD-4C18-B0F3-0809176AFE2A}.Release|Any CPU.ActiveCfg = Release|Any CPU
		{87AF41B6-13DD-4C18-B0F3-0809176AFE2A}.Release|Any CPU.Build.0 = Release|Any CPU
	EndGlobalSection
	GlobalSection(SolutionProperties) = preSolution
		HideSolutionNode = FALSE
	EndGlobalSection
	GlobalSection(ExtensibilityGlobals) = postSolution
		SolutionGuid = {89C634A5-969D-4280-8D18-7910474BDF25}
	EndGlobalSection
EndGlobal
